
Microsoft Visual Studio Solution File, Format Version 12.00
# Visual Studio Version 17
VisualStudioVersion = 17.2.32519.379
MinimumVisualStudioVersion = 10.0.40219.1
Project("{FAE04EC0-301F-11D3-BF4B-00C04F79EFBC}") = "QuotidianBackend", "QuotidianBackend.csproj", "{9DAE8430-96D2-48CD-A48A-693A7C772EC7}"
EndProject
Global
	GlobalSection(SolutionConfigurationPlatforms) = preSolution
		Debug|Any CPU = Debug|Any CPU
		Release|Any CPU = Release|Any CPU
	EndGlobalSection
	GlobalSection(ProjectConfigurationPlatforms) = postSolution
		{9DAE8430-96D2-48CD-A48A-693A7C772EC7}.Debug|Any CPU.ActiveCfg = Debug|Any CPU
		{9DAE8430-96D2-48CD-A48A-693A7C772EC7}.Debug|Any CPU.Build.0 = Debug|Any CPU
		{9DAE8430-96D2-48CD-A48A-693A7C772EC7}.Release|Any CPU.ActiveCfg = Release|Any CPU
		{9DAE8430-96D2-48CD-A48A-693A7C772EC7}.Release|Any CPU.Build.0 = Release|Any CPU
	EndGlobalSection
	GlobalSection(SolutionProperties) = preSolution
		HideSolutionNode = FALSE
	EndGlobalSection
	GlobalSection(ExtensibilityGlobals) = postSolution
		SolutionGuid = {3B4D913F-211C-4A70-9E94-924EB90005CF}
	EndGlobalSection
EndGlobal
